// !$*UTF8*$!
{
	archiveVersion = 1;
	classes = {
	};
	objectVersion = 50;
	objects = {

/* Begin PBXBuildFile section */
		83AA7F17ABEA1422A2501D03 /* Pods_YYYPageViewController.framework in Frameworks */ = {isa = PBXBuildFile; fileRef = C4DBDDCC3669FE0685E8A5EC /* Pods_YYYPageViewController.framework */; };
		A77C694C20B6684100B37992 /* AppDelegate.m in Sources */ = {isa = PBXBuildFile; fileRef = A77C694B20B6684100B37992 /* AppDelegate.m */; };
		A77C694F20B6684100B37992 /* ViewController.m in Sources */ = {isa = PBXBuildFile; fileRef = A77C694E20B6684100B37992 /* ViewController.m */; };
		A77C695220B6684100B37992 /* Main.storyboard in Resources */ = {isa = PBXBuildFile; fileRef = A77C695020B6684100B37992 /* Main.storyboard */; };
		A77C695420B6684200B37992 /* Assets.xcassets in Resources */ = {isa = PBXBuildFile; fileRef = A77C695320B6684200B37992 /* Assets.xcassets */; };
		A77C695720B6684200B37992 /* LaunchScreen.storyboard in Resources */ = {isa = PBXBuildFile; fileRef = A77C695520B6684200B37992 /* LaunchScreen.storyboard */; };
		A77C695A20B6684200B37992 /* main.m in Sources */ = {isa = PBXBuildFile; fileRef = A77C695920B6684200B37992 /* main.m */; };
		A77C696120B668CB00B37992 /* YYYPageViewController.podspec in Resources */ = {isa = PBXBuildFile; fileRef = A77C696020B668CB00B37992 /* YYYPageViewController.podspec */; };
		A7F07F0E2134EE3B00B28F01 /* upload.sh in Resources */ = {isa = PBXBuildFile; fileRef = A7F07F0D2134EE3B00B28F01 /* upload.sh */; };
/* End PBXBuildFile section */

/* Begin PBXFileReference section */
		89D39E8A9C851D2912805B5E /* Pods-YYYPageViewController.debug.xcconfig */ = {isa = PBXFileReference; includeInIndex = 1; lastKnownFileType = text.xcconfig; name = "Pods-YYYPageViewController.debug.xcconfig"; path = "Target Support Files/Pods-YYYPageViewController/Pods-YYYPageViewController.debug.xcconfig"; sourceTree = "<group>"; };
		9210770230A728DBB3A694AC /* Pods-YYYPageViewController.release.xcconfig */ = {isa = PBXFileReference; includeInIndex = 1; lastKnownFileType = text.xcconfig; name = "Pods-YYYPageViewController.release.xcconfig"; path = "Target Support Files/Pods-YYYPageViewController/Pods-YYYPageViewController.release.xcconfig"; sourceTree = "<group>"; };
		A77C694720B6684100B37992 /* YYYPageViewController.app */ = {isa = PBXFileReference; explicitFileType = wrapper.application; includeInIndex = 0; path = YYYPageViewController.app; sourceTree = BUILT_PRODUCTS_DIR; };
		A77C694A20B6684100B37992 /* AppDelegate.h */ = {isa = PBXFileReference; lastKnownFileType = sourcecode.c.h; path = AppDelegate.h; sourceTree = "<group>"; };
		A77C694B20B6684100B37992 /* AppDelegate.m */ = {isa = PBXFileReference; lastKnownFileType = sourcecode.c.objc; path = AppDelegate.m; sourceTree = "<group>"; };
		A77C694D20B6684100B37992 /* ViewController.h */ = {isa = PBXFileReference; lastKnownFileType = sourcecode.c.h; path = ViewController.h; sourceTree = "<group>"; };
		A77C694E20B6684100B37992 /* ViewController.m */ = {isa = PBXFileReference; lastKnownFileType = sourcecode.c.objc; path = ViewController.m; sourceTree = "<group>"; };
		A77C695120B6684100B37992 /* Base */ = {isa = PBXFileReference; lastKnownFileType = file.storyboard; name = Base; path = Base.lproj/Main.storyboard; sourceTree = "<group>"; };
		A77C695320B6684200B37992 /* Assets.xcassets */ = {isa = PBXFileReference; lastKnownFileType = folder.assetcatalog; path = Assets.xcassets; sourceTree = "<group>"; };
		A77C695620B6684200B37992 /* Base */ = {isa = PBXFileReference; lastKnownFileType = file.storyboard; name = Base; path = Base.lproj/LaunchScreen.storyboard; sourceTree = "<group>"; };
		A77C695820B6684200B37992 /* Info.plist */ = {isa = PBXFileReference; lastKnownFileType = text.plist.xml; path = Info.plist; sourceTree = "<group>"; };
		A77C695920B6684200B37992 /* main.m */ = {isa = PBXFileReference; lastKnownFileType = sourcecode.c.objc; path = main.m; sourceTree = "<group>"; };
		A77C696020B668CB00B37992 /* YYYPageViewController.podspec */ = {isa = PBXFileReference; explicitFileType = text.script.ruby; fileEncoding = 4; name = YYYPageViewController.podspec; path = ../YYYPageViewController.podspec; sourceTree = "<group>"; };
		A7F07F0D2134EE3B00B28F01 /* upload.sh */ = {isa = PBXFileReference; fileEncoding = 4; lastKnownFileType = text.script.sh; name = upload.sh; path = ../upload.sh; sourceTree = "<group>"; };
		C4DBDDCC3669FE0685E8A5EC /* Pods_YYYPageViewController.framework */ = {isa = PBXFileReference; explicitFileType = wrapper.framework; includeInIndex = 0; path = Pods_YYYPageViewController.framework; sourceTree = BUILT_PRODUCTS_DIR; };
/* End PBXFileReference section */

/* Begin PBXFrameworksBuildPhase section */
		A77C694420B6684100B37992 /* Frameworks */ = {
			isa = PBXFrameworksBuildPhase;
			buildActionMask = 2147483647;
			files = (
				83AA7F17ABEA1422A2501D03 /* Pods_YYYPageViewController.framework in Frameworks */,
			);
			runOnlyForDeploymentPostprocessing = 0;
		};
/* End PBXFrameworksBuildPhase section */

/* Begin PBXGroup section */
		3DE7A2A18D4573CC180F0F32 /* Frameworks */ = {
			isa = PBXGroup;
			children = (
				C4DBDDCC3669FE0685E8A5EC /* Pods_YYYPageViewController.framework */,
			);
			name = Frameworks;
			sourceTree = "<group>";
		};
		A652A9D10217EF6EB72A71F2 /* Pods */ = {
			isa = PBXGroup;
			children = (
				89D39E8A9C851D2912805B5E /* Pods-YYYPageViewController.debug.xcconfig */,
				9210770230A728DBB3A694AC /* Pods-YYYPageViewController.release.xcconfig */,
			);
			name = Pods;
			path = Pods;
			sourceTree = "<group>";
		};
		A77C693E20B6684100B37992 = {
			isa = PBXGroup;
			children = (
				A7F07F0D2134EE3B00B28F01 /* upload.sh */,
				A77C696020B668CB00B37992 /* YYYPageViewController.podspec */,
				A77C694920B6684100B37992 /* YYYPageViewController */,
				A77C694820B6684100B37992 /* Products */,
				A652A9D10217EF6EB72A71F2 /* Pods */,
				3DE7A2A18D4573CC180F0F32 /* Frameworks */,
			);
			sourceTree = "<group>";
		};
		A77C694820B6684100B37992 /* Products */ = {
			isa = PBXGroup;
			children = (
				A77C694720B6684100B37992 /* YYYPageViewController.app */,
			);
			name = Products;
			sourceTree = "<group>";
		};
		A77C694920B6684100B37992 /* YYYPageViewController */ = {
			isa = PBXGroup;
			children = (
				A77C694A20B6684100B37992 /* AppDelegate.h */,
				A77C694B20B6684100B37992 /* AppDelegate.m */,
				A77C694D20B6684100B37992 /* ViewController.h */,
				A77C694E20B6684100B37992 /* ViewController.m */,
				A77C695020B6684100B37992 /* Main.storyboard */,
				A77C695320B6684200B37992 /* Assets.xcassets */,
				A77C695520B6684200B37992 /* LaunchScreen.storyboard */,
				A77C695820B6684200B37992 /* Info.plist */,
				A77C695920B6684200B37992 /* main.m */,
			);
			path = YYYPageViewController;
			sourceTree = "<group>";
		};
/* End PBXGroup section */

/* Begin PBXNativeTarget section */
		A77C694620B6684100B37992 /* YYYPageViewController */ = {
			isa = PBXNativeTarget;
			buildConfigurationList = A77C695D20B6684200B37992 /* Build configuration list for PBXNativeTarget "YYYPageViewController" */;
			buildPhases = (
				5069C298C39E203B99079FDD /* [CP] Check Pods Manifest.lock */,
				A77C694320B6684100B37992 /* Sources */,
				A77C694420B6684100B37992 /* Frameworks */,
				A77C694520B6684100B37992 /* Resources */,
				5D2D2D1990A88580C3FA1A7E /* [CP] Embed Pods Frameworks */,
			);
			buildRules = (
			);
			dependencies = (
			);
			name = YYYPageViewController;
			productName = YYYPageViewController;
			productReference = A77C694720B6684100B37992 /* YYYPageViewController.app */;
			productType = "com.apple.product-type.application";
		};
/* End PBXNativeTarget section */

/* Begin PBXProject section */
		A77C693F20B6684100B37992 /* Project object */ = {
			isa = PBXProject;
			attributes = {
				LastUpgradeCheck = 0930;
				ORGANIZATIONNAME = "保障网";
				TargetAttributes = {
					A77C694620B6684100B37992 = {
						CreatedOnToolsVersion = 9.3.1;
					};
				};
			};
			buildConfigurationList = A77C694220B6684100B37992 /* Build configuration list for PBXProject "YYYPageViewController" */;
			compatibilityVersion = "Xcode 9.3";
			developmentRegion = en;
			hasScannedForEncodings = 0;
			knownRegions = (
				en,
				Base,
			);
			mainGroup = A77C693E20B6684100B37992;
			productRefGroup = A77C694820B6684100B37992 /* Products */;
			projectDirPath = "";
			projectRoot = "";
			targets = (
				A77C694620B6684100B37992 /* YYYPageViewController */,
			);
		};
/* End PBXProject section */

/* Begin PBXResourcesBuildPhase section */
		A77C694520B6684100B37992 /* Resources */ = {
			isa = PBXResourcesBuildPhase;
			buildActionMask = 2147483647;
			files = (
				A77C695720B6684200B37992 /* LaunchScreen.storyboard in Resources */,
				A7F07F0E2134EE3B00B28F01 /* upload.sh in Resources */,
				A77C695420B6684200B37992 /* Assets.xcassets in Resources */,
				A77C696120B668CB00B37992 /* YYYPageViewController.podspec in Resources */,
				A77C695220B6684100B37992 /* Main.storyboard in Resources */,
			);
			runOnlyForDeploymentPostprocessing = 0;
		};
/* End PBXResourcesBuildPhase section */

/* Begin PBXShellScriptBuildPhase section */
		5069C298C39E203B99079FDD /* [CP] Check Pods Manifest.lock */ = {
			isa = PBXShellScriptBuildPhase;
			buildActionMask = 2147483647;
			files = (
			);
			inputFileListPaths = (
			);
			inputPaths = (
				"${PODS_PODFILE_DIR_PATH}/Podfile.lock",
				"${PODS_ROOT}/Manifest.lock",
			);
			name = "[CP] Check Pods Manifest.lock";
			outputFileListPaths = (
			);
			outputPaths = (
				"$(DERIVED_FILE_DIR)/Pods-YYYPageViewController-checkManifestLockResult.txt",
			);
			runOnlyForDeploymentPostprocessing = 0;
			shellPath = /bin/sh;
			shellScript = "diff \"${PODS_PODFILE_DIR_PATH}/Podfile.lock\" \"${PODS_ROOT}/Manifest.lock\" > /dev/null\nif [ $? != 0 ] ; then\n    # print error to STDERR\n    echo \"error: The sandbox is not in sync with the Podfile.lock. Run 'pod install' or update your CocoaPods installation.\" >&2\n    exit 1\nfi\n# This output is used by Xcode 'outputs' to avoid re-running this script phase.\necho \"SUCCESS\" > \"${SCRIPT_OUTPUT_FILE_0}\"\n";
			showEnvVarsInLog = 0;
		};
		5D2D2D1990A88580C3FA1A7E /* [CP] Embed Pods Frameworks */ = {
			isa = PBXShellScriptBuildPhase;
			buildActionMask = 2147483647;
			files = (
			);
			inputFileListPaths = (
				"${PODS_ROOT}/Target Support Files/Pods-YYYPageViewController/Pods-YYYPageViewController-frameworks-${CONFIGURATION}-input-files.xcfilelist",
			);
			name = "[CP] Embed Pods Frameworks";
			outputFileListPaths = (
				"${PODS_ROOT}/Target Support Files/Pods-YYYPageViewController/Pods-YYYPageViewController-frameworks-${CONFIGURATION}-output-files.xcfilelist",
			);
			runOnlyForDeploymentPostprocessing = 0;
			shellPath = /bin/sh;
			shellScript = "\"${PODS_ROOT}/Target Support Files/Pods-YYYPageViewController/Pods-YYYPageViewController-frameworks.sh\"\n";
			showEnvVarsInLog = 0;
		};
/* End PBXShellScriptBuildPhase section */

/* Begin PBXSourcesBuildPhase section */
		A77C694320B6684100B37992 /* Sources */ = {
			isa = PBXSourcesBuildPhase;
			buildActionMask = 2147483647;
			files = (
				A77C694F20B6684100B37992 /* ViewController.m in Sources */,
				A77C695A20B6684200B37992 /* main.m in Sources */,
				A77C694C20B6684100B37992 /* AppDelegate.m in Sources */,
			);
			runOnlyForDeploymentPostprocessing = 0;
		};
/* End PBXSourcesBuildPhase section */

/* Begin PBXVariantGroup section */
		A77C695020B6684100B37992 /* Main.storyboard */ = {
			isa = PBXVariantGroup;
			children = (
				A77C695120B6684100B37992 /* Base */,
			);
			name = Main.storyboard;
			sourceTree = "<group>";
		};
		A77C695520B6684200B37992 /* LaunchScreen.storyboard */ = {
			isa = PBXVariantGroup;
			children = (
				A77C695620B6684200B37992 /* Base */,
			);
			name = LaunchScreen.storyboard;
			sourceTree = "<group>";
		};
/* End PBXVariantGroup section */

/* Begin XCBuildConfiguration section */
		A77C695B20B6684200B37992 /* Debug */ = {
			isa = XCBuildConfiguration;
			buildSettings = {
				ALWAYS_SEARCH_USER_PATHS = NO;
				CLANG_ANALYZER_NONNULL = YES;
				CLANG_ANALYZER_NUMBER_OBJECT_CONVERSION = YES_AGGRESSIVE;
				CLANG_CXX_LANGUAGE_STANDARD = "gnu++14";
				CLANG_CXX_LIBRARY = "libc++";
				CLANG_ENABLE_MODULES = YES;
				CLANG_ENABLE_OBJC_ARC = YES;
				CLANG_ENABLE_OBJC_WEAK = YES;
				CLANG_WARN_BLOCK_CAPTURE_AUTORELEASING = YES;
				CLANG_WARN_BOOL_CONVERSION = YES;
				CLANG_WARN_COMMA = YES;
				CLANG_WARN_CONSTANT_CONVERSION = YES;
				CLANG_WARN_DEPRECATED_OBJC_IMPLEMENTATIONS = YES;
				CLANG_WARN_DIRECT_OBJC_ISA_USAGE = YES_ERROR;
				CLANG_WARN_DOCUMENTATION_COMMENTS = YES;
				CLANG_WARN_EMPTY_BODY = YES;
				CLANG_WARN_ENUM_CONVERSION = YES;
				CLANG_WARN_INFINITE_RECURSION = YES;
				CLANG_WARN_INT_CONVERSION = YES;
				CLANG_WARN_NON_LITERAL_NULL_CONVERSION = YES;
				CLANG_WARN_OBJC_IMPLICIT_RETAIN_SELF = YES;
				CLANG_WARN_OBJC_LITERAL_CONVERSION = YES;
				CLANG_WARN_OBJC_ROOT_CLASS = YES_ERROR;
				CLANG_WARN_RANGE_LOOP_ANALYSIS = YES;
				CLANG_WARN_STRICT_PROTOTYPES = YES;
				CLANG_WARN_SUSPICIOUS_MOVE = YES;
				CLANG_WARN_UNGUARDED_AVAILABILITY = YES_AGGRESSIVE;
				CLANG_WARN_UNREACHABLE_CODE = YES;
				CLANG_WARN__DUPLICATE_METHOD_MATCH = YES;
				CODE_SIGN_IDENTITY = "iPhone Developer";
				COPY_PHASE_STRIP = NO;
				DEBUG_INFORMATION_FORMAT = dwarf;
				ENABLE_STRICT_OBJC_MSGSEND = YES;
				ENABLE_TESTABILITY = YES;
				GCC_C_LANGUAGE_STANDARD = gnu11;
				GCC_DYNAMIC_NO_PIC = NO;
				GCC_NO_COMMON_BLOCKS = YES;
				GCC_OPTIMIZATION_LEVEL = 0;
				GCC_PREPROCESSOR_DEFINITIONS = (
					"DEBUG=1",
					"$(inherited)",
				);
				GCC_WARN_64_TO_32_BIT_CONVERSION = YES;
				GCC_WARN_ABOUT_RETURN_TYPE = YES_ERROR;
				GCC_WARN_UNDECLARED_SELECTOR = YES;
				GCC_WARN_UNINITIALIZED_AUTOS = YES_AGGRESSIVE;
				GCC_WARN_UNUSED_FUNCTION = YES;
				GCC_WARN_UNUSED_VARIABLE = YES;
				IPHONEOS_DEPLOYMENT_TARGET = 11.3;
				MTL_ENABLE_DEBUG_INFO = YES;
				ONLY_ACTIVE_ARCH = YES;
				SDKROOT = iphoneos;
			};
			name = Debug;
		};
		A77C695C20B6684200B37992 /* Release */ = {
			isa = XCBuildConfiguration;
			buildSettings = {
				ALWAYS_SEARCH_USER_PATHS = NO;
				CLANG_ANALYZER_NONNULL = YES;
				CLANG_ANALYZER_NUMBER_OBJECT_CONVERSION = YES_AGGRESSIVE;
				CLANG_CXX_LANGUAGE_STANDARD = "gnu++14";
				CLANG_CXX_LIBRARY = "libc++";
				CLANG_ENABLE_MODULES = YES;
				CLANG_ENABLE_OBJC_ARC = YES;
				CLANG_ENABLE_OBJC_WEAK = YES;
				CLANG_WARN_BLOCK_CAPTURE_AUTORELEASING = YES;
				CLANG_WARN_BOOL_CONVERSION = YES;
				CLANG_WARN_COMMA = YES;
				CLANG_WARN_CONSTANT_CONVERSION = YES;
				CLANG_WARN_DEPRECATED_OBJC_IMPLEMENTATIONS = YES;
				CLANG_WARN_DIRECT_OBJC_ISA_USAGE = YES_ERROR;
				CLANG_WARN_DOCUMENTATION_COMMENTS = YES;
				CLANG_WARN_EMPTY_BODY = YES;
				CLANG_WARN_ENUM_CONVERSION = YES;
				CLANG_WARN_INFINITE_RECURSION = YES;
				CLANG_WARN_INT_CONVERSION = YES;
				CLANG_WARN_NON_LITERAL_NULL_CONVERSION = YES;
				CLANG_WARN_OBJC_IMPLICIT_RETAIN_SELF = YES;
				CLANG_WARN_OBJC_LITERAL_CONVERSION = YES;
				CLANG_WARN_OBJC_ROOT_CLASS = YES_ERROR;
				CLANG_WARN_RANGE_LOOP_ANALYSIS = YES;
				CLANG_WARN_STRICT_PROTOTYPES = YES;
				CLANG_WARN_SUSPICIOUS_MOVE = YES;
				CLANG_WARN_UNGUARDED_AVAILABILITY = YES_AGGRESSIVE;
				CLANG_WARN_UNREACHABLE_CODE = YES;
				CLANG_WARN__DUPLICATE_METHOD_MATCH = YES;
				CODE_SIGN_IDENTITY = "iPhone Developer";
				COPY_PHASE_STRIP = NO;
				DEBUG_INFORMATION_FORMAT = "dwarf-with-dsym";
				ENABLE_NS_ASSERTIONS = NO;
				ENABLE_STRICT_OBJC_MSGSEND = YES;
				GCC_C_LANGUAGE_STANDARD = gnu11;
				GCC_NO_COMMON_BLOCKS = YES;
				GCC_WARN_64_TO_32_BIT_CONVERSION = YES;
				GCC_WARN_ABOUT_RETURN_TYPE = YES_ERROR;
				GCC_WARN_UNDECLARED_SELECTOR = YES;
				GCC_WARN_UNINITIALIZED_AUTOS = YES_AGGRESSIVE;
				GCC_WARN_UNUSED_FUNCTION = YES;
				GCC_WARN_UNUSED_VARIABLE = YES;
				IPHONEOS_DEPLOYMENT_TARGET = 11.3;
				MTL_ENABLE_DEBUG_INFO = NO;
				SDKROOT = iphoneos;
				VALIDATE_PRODUCT = YES;
			};
			name = Release;
		};
		A77C695E20B6684200B37992 /* Debug */ = {
			isa = XCBuildConfiguration;
			baseConfigurationReference = 89D39E8A9C851D2912805B5E /* Pods-YYYPageViewController.debug.xcconfig */;
			buildSettings = {
				ASSETCATALOG_COMPILER_APPICON_NAME = AppIcon;
				CODE_SIGN_STYLE = Automatic;
				DEVELOPMENT_TEAM = 8LR69FR7QG;
				INFOPLIST_FILE = YYYPageViewController/Info.plist;
				LD_RUNPATH_SEARCH_PATHS = (
					"$(inherited)",
					"@executable_path/Frameworks",
				);
				PRODUCT_BUNDLE_IDENTIFIER = com.bzw315.YYYPageViewController;
				PRODUCT_NAME = "$(TARGET_NAME)";
				TARGETED_DEVICE_FAMILY = "1,2";
			};
			name = Debug;
		};
		A77C695F20B6684200B37992 /* Release */ = {
			isa = XCBuildConfiguration;
			baseConfigurationReference = 9210770230A728DBB3A694AC /* Pods-YYYPageViewController.release.xcconfig */;
			buildSettings = {
				ASSETCATALOG_COMPILER_APPICON_NAME = AppIcon;
				CODE_SIGN_STYLE = Automatic;
				DEVELOPMENT_TEAM = 8LR69FR7QG;
				INFOPLIST_FILE = YYYPageViewController/Info.plist;
				LD_RUNPATH_SEARCH_PATHS = (
					"$(inherited)",
					"@executable_path/Frameworks",
				);
				PRODUCT_BUNDLE_IDENTIFIER = com.bzw315.YYYPageViewController;
				PRODUCT_NAME = "$(TARGET_NAME)";
				TARGETED_DEVICE_FAMILY = "1,2";
			};
			name = Release;
		};
/* End XCBuildConfiguration section */

/* Begin XCConfigurationList section */
		A77C694220B6684100B37992 /* Build configuration list for PBXProject "YYYPageViewController" */ = {
			isa = XCConfigurationList;
			buildConfigurations = (
				A77C695B20B6684200B37992 /* Debug */,
				A77C695C20B6684200B37992 /* Release */,
			);
			defaultConfigurationIsVisible = 0;
			defaultConfigurationName = Release;
		};
		A77C695D20B6684200B37992 /* Build configuration list for PBXNativeTarget "YYYPageViewController" */ = {
			isa = XCConfigurationList;
			buildConfigurations = (
				A77C695E20B6684200B37992 /* Debug */,
				A77C695F20B6684200B37992 /* Release */,
			);
			defaultConfigurationIsVisible = 0;
			defaultConfigurationName = Release;
		};
/* End XCConfigurationList section */
	};
	rootObject = A77C693F20B6684100B37992 /* Project object */;
}
